
Microsoft Visual Studio Solution File, Format Version 12.00
# Visual Studio Version 17
VisualStudioVersion = 17.3.32929.385
MinimumVisualStudioVersion = 10.0.40219.1
Project("{FAE04EC0-301F-11D3-BF4B-00C04F79EFBC}") = "digimonMvc", "digimonMvc\digimonMvc.csproj", "{FFDDB948-05CA-4F51-A449-5EC0CA912481}"
EndProject
Global
	GlobalSection(SolutionConfigurationPlatforms) = preSolution
		Debug|Any CPU = Debug|Any CPU
		Release|Any CPU = Release|Any CPU
	EndGlobalSection
	GlobalSection(ProjectConfigurationPlatforms) = postSolution
		{FFDDB948-05CA-4F51-A449-5EC0CA912481}.Debug|Any CPU.ActiveCfg = Debug|Any CPU
		{FFDDB948-05CA-4F51-A449-5EC0CA912481}.Debug|Any CPU.Build.0 = Debug|Any CPU
		{FFDDB948-05CA-4F51-A449-5EC0CA912481}.Release|Any CPU.ActiveCfg = Release|Any CPU
		{FFDDB948-05CA-4F51-A449-5EC0CA912481}.Release|Any CPU.Build.0 = Release|Any CPU
	EndGlobalSection
	GlobalSection(SolutionProperties) = preSolution
		HideSolutionNode = FALSE
	EndGlobalSection
	GlobalSection(ExtensibilityGlobals) = postSolution
		SolutionGuid = {9AC6A71D-2E25-4B6D-9D27-16A9644E6EBA}
	EndGlobalSection
EndGlobal
